
Microsoft Visual Studio Solution File, Format Version 12.00
# Visual Studio Version 17
VisualStudioVersion = 17.0.31903.59
MinimumVisualStudioVersion = 10.0.40219.1
Project("{FAE04EC0-301F-11D3-BF4B-00C04F79EFBC}") = "PhoneBook.Backend", "PhoneBook.Backend.csproj", "{498D1D04-603F-4C0E-9F40-E514BF33F5FE}"
EndProject
Global
	GlobalSection(SolutionConfigurationPlatforms) = preSolution
		Debug|Any CPU = Debug|Any CPU
		Release|Any CPU = Release|Any CPU
	EndGlobalSection
	GlobalSection(SolutionProperties) = preSolution
		HideSolutionNode = FALSE
	EndGlobalSection
	GlobalSection(ProjectConfigurationPlatforms) = postSolution
		{498D1D04-603F-4C0E-9F40-E514BF33F5FE}.Debug|Any CPU.ActiveCfg = Debug|Any CPU
		{498D1D04-603F-4C0E-9F40-E514BF33F5FE}.Debug|Any CPU.Build.0 = Debug|Any CPU
		{498D1D04-603F-4C0E-9F40-E514BF33F5FE}.Release|Any CPU.ActiveCfg = Release|Any CPU
		{498D1D04-603F-4C0E-9F40-E514BF33F5FE}.Release|Any CPU.Build.0 = Release|Any CPU
	EndGlobalSection
EndGlobal
